{
  "name": "lights",
  "version": "1.0.0",
  "lockfileVersion": 1,
  "requires": true,
  "dependencies": {
    "bindings": {
      "version": "1.3.0",
      "resolved": "https://registry.npmjs.org/bindings/-/bindings-1.3.0.tgz",
      "integrity": "sha512-DpLh5EzMR2kzvX1KIlVC0VkC3iZtHKTgdtZ0a3pglBZdaQFjt5S9g9xd1lE+YvXyfd6mtCeRnrUfOLYiTMlNSw=="
    },
    "epoll": {
      "version": "1.0.2",
      "resolved": "https://registry.npmjs.org/epoll/-/epoll-1.0.2.tgz",
      "integrity": "sha512-3t2crZPej4v60YYvXE/pgJ62D4RZBd/UsEXsHd+H3xtDre0vO8aV9O+0ThIPlfZtHJ4vMPhz55fYK1j37rX9Ng==",
      "requires": {
        "bindings": "1.3.0",
        "nan": "2.8.0"
      }
    },
    "file-uri-to-path": {
      "version": "1.0.0",
      "resolved": "https://registry.npmjs.org/file-uri-to-path/-/file-uri-to-path-1.0.0.tgz",
      "integrity": "sha512-0Zt+s3L7Vf1biwWZ29aARiVYLx7iMGnEUl9x33fbB/j3jR81u/O2LbqK+Bm1CDSNDKVtJ/YjwY7TUd5SkeLQLw=="
    },
    "nan": {
      "version": "2.8.0",
      "resolved": "https://registry.npmjs.org/nan/-/nan-2.8.0.tgz",
      "integrity": "sha1-7XFfP+neArV6XmJS2QqWZ14fCFo="
    },
    "onoff": {
      "version": "1.2.0",
      "resolved": "https://registry.npmjs.org/onoff/-/onoff-1.2.0.tgz",
      "integrity": "sha512-o41qBIIs6agXRjryGBIJpq1xour69VDBfROf3IX+wiwutIowPZDcjTRCqFo+HYleiQngO1wfNqHWpjm0l0oYwQ==",
      "requires": {
        "epoll": "1.0.2"
      }
    },
    "parse-png": {
      "version": "1.1.2",
      "resolved": "https://registry.npmjs.org/parse-png/-/parse-png-1.1.2.tgz",
      "integrity": "sha1-9cKtfHmTSQmGAgooTBmu5FlxH/I=",
      "requires": {
        "pngjs": "3.3.2"
      }
    },
    "pngjs": {
      "version": "3.3.2",
      "resolved": "https://registry.npmjs.org/pngjs/-/pngjs-3.3.2.tgz",
      "integrity": "sha512-bVNd3LMXRzdo6s4ehr4XW2wFMu9cb40nPgHEjSSppm8/++Xc+g0b2QQb+SeDesgfANXbjydOr1or9YQ+pcCZPQ=="
    },
    "rpi-version": {
      "version": "git+https://github.com/ivsgroup/rpi-version.git#5e8530371e4d4d869a05c3d271e1141330956032"
    },
    "rpi-ws281x-native": {
      "version": "github:paulhayes/node-rpi-ws281x-native#9006c1a880d682d4ea706527435f22cb91037c4f",
      "requires": {
        "bindings": "1.3.0",
        "nan": "2.8.0",
        "rpi-version": "git+https://github.com/ivsgroup/rpi-version.git#5e8530371e4d4d869a05c3d271e1141330956032"
      }
    },
    "rpio": {
      "version": "2.1.1",
      "resolved": "https://registry.npmjs.org/rpio/-/rpio-2.1.1.tgz",
      "integrity": "sha512-0Pluzy3s77JXxpUVE3zs25TAYIjYb3q1yOJVkK6taH/idzDohZH6whqp5owgYeawxs767nc8y9TdbAv0Q1xL7w==",
      "requires": {
        "bindings": "1.5.0",
        "nan": "2.14.0"
      },
      "dependencies": {
        "bindings": {
          "version": "1.5.0",
          "resolved": "https://registry.npmjs.org/bindings/-/bindings-1.5.0.tgz",
          "integrity": "sha512-p2q/t/mhvuOj/UeLlV6566GD/guowlr0hHxClI0W9m7MWYkL1F0hLo+0Aexs9HSPCtR1SXQ0TD3MMKrXZajbiQ==",
          "requires": {
            "file-uri-to-path": "1.0.0"
          }
        },
        "nan": {
          "version": "2.14.0",
          "resolved": "https://registry.npmjs.org/nan/-/nan-2.14.0.tgz",
          "integrity": "sha512-INOFj37C7k3AfaNTtX8RhsTw7qRy7eLET14cROi9+5HAVbbHuIWUHEauBv5qT4Av2tWasiTY1Jw6puUNqRJXQg=="
        }
      }
    }
  }
}
