{
  "name": "lights",
  "version": "1.0.0",
  "lockfileVersion": 1,
  "requires": true,
  "dependencies": {
    "bindings": {
      "version": "1.3.0",
      "resolved": "https://registry.npmjs.org/bindings/-/bindings-1.3.0.tgz",
      "integrity": "sha512-DpLh5EzMR2kzvX1KIlVC0VkC3iZtHKTgdtZ0a3pglBZdaQFjt5S9g9xd1lE+YvXyfd6mtCeRnrUfOLYiTMlNSw=="
    },
    "epoll": {
      "version": "1.0.2",
      "resolved": "https://registry.npmjs.org/epoll/-/epoll-1.0.2.tgz",
      "integrity": "sha512-3t2crZPej4v60YYvXE/pgJ62D4RZBd/UsEXsHd+H3xtDre0vO8aV9O+0ThIPlfZtHJ4vMPhz55fYK1j37rX9Ng==",
      "requires": {
        "bindings": "1.3.0",
        "nan": "2.8.0"
      }
    },
    "nan": {
      "version": "2.8.0",
      "resolved": "https://registry.npmjs.org/nan/-/nan-2.8.0.tgz",
      "integrity": "sha1-7XFfP+neArV6XmJS2QqWZ14fCFo="
    },
    "onoff": {
      "version": "1.2.0",
      "resolved": "https://registry.npmjs.org/onoff/-/onoff-1.2.0.tgz",
      "integrity": "sha512-o41qBIIs6agXRjryGBIJpq1xour69VDBfROf3IX+wiwutIowPZDcjTRCqFo+HYleiQngO1wfNqHWpjm0l0oYwQ==",
      "requires": {
        "epoll": "1.0.2"
      }
    },
    "parse-png": {
      "version": "1.1.2",
      "resolved": "https://registry.npmjs.org/parse-png/-/parse-png-1.1.2.tgz",
      "integrity": "sha1-9cKtfHmTSQmGAgooTBmu5FlxH/I=",
      "requires": {
        "pngjs": "3.3.2"
      }
    },
    "pngjs": {
      "version": "3.3.2",
      "resolved": "https://registry.npmjs.org/pngjs/-/pngjs-3.3.2.tgz",
      "integrity": "sha512-bVNd3LMXRzdo6s4ehr4XW2wFMu9cb40nPgHEjSSppm8/++Xc+g0b2QQb+SeDesgfANXbjydOr1or9YQ+pcCZPQ=="
    },
    "rpi-version": {
      "version": "git+https://github.com/ivsgroup/rpi-version.git#2dc1ab3b94d400558e6dd86739f018b7d22a4340"
    },
    "rpi-ws281x-native": {
      "version": "github:paulhayes/node-rpi-ws281x-native#9006c1a880d682d4ea706527435f22cb91037c4f",
      "requires": {
        "bindings": "1.3.0",
        "nan": "2.8.0",
        "rpi-version": "git+https://github.com/ivsgroup/rpi-version.git#2dc1ab3b94d400558e6dd86739f018b7d22a4340"
      }
    }
  }
}
